
Microsoft Visual Studio Solution File, Format Version 12.00
# Visual Studio Version 16
VisualStudioVersion = 16.0.30611.23
MinimumVisualStudioVersion = 10.0.40219.1
Project("{FAE04EC0-301F-11D3-BF4B-00C04F79EFBC}") = "XMLSort", "XMLSort\XMLSort.csproj", "{6F6528E1-CFEA-4CD9-94E1-3A611B7BDB9F}"
EndProject
Global
	GlobalSection(SolutionConfigurationPlatforms) = preSolution
		Debug|Any CPU = Debug|Any CPU
		Debug|x64 = Debug|x64
		Release|Any CPU = Release|Any CPU
		Release|x64 = Release|x64
	EndGlobalSection
	GlobalSection(ProjectConfigurationPlatforms) = postSolution
		{6F6528E1-CFEA-4CD9-94E1-3A611B7BDB9F}.Debug|Any CPU.ActiveCfg = Debug|Any CPU
		{6F6528E1-CFEA-4CD9-94E1-3A611B7BDB9F}.Debug|Any CPU.Build.0 = Debug|Any CPU
		{6F6528E1-CFEA-4CD9-94E1-3A611B7BDB9F}.Debug|x64.ActiveCfg = Debug|x64
		{6F6528E1-CFEA-4CD9-94E1-3A611B7BDB9F}.Debug|x64.Build.0 = Debug|x64
		{6F6528E1-CFEA-4CD9-94E1-3A611B7BDB9F}.Release|Any CPU.ActiveCfg = Release|Any CPU
		{6F6528E1-CFEA-4CD9-94E1-3A611B7BDB9F}.Release|Any CPU.Build.0 = Release|Any CPU
		{6F6528E1-CFEA-4CD9-94E1-3A611B7BDB9F}.Release|x64.ActiveCfg = Release|x64
		{6F6528E1-CFEA-4CD9-94E1-3A611B7BDB9F}.Release|x64.Build.0 = Release|x64
	EndGlobalSection
	GlobalSection(SolutionProperties) = preSolution
		HideSolutionNode = FALSE
	EndGlobalSection
	GlobalSection(ExtensibilityGlobals) = postSolution
		SolutionGuid = {24808388-A61F-4CC3-A118-7F211A4CD453}
	EndGlobalSection
EndGlobal
